
Microsoft Visual Studio Solution File, Format Version 12.00
# Visual Studio Version 17
VisualStudioVersion = 17.13.35806.99 d17.13
MinimumVisualStudioVersion = 10.0.40219.1
Project("{FAE04EC0-301F-11D3-BF4B-00C04F79EFBC}") = "Problem2", "Problem2.csproj", "{98A3E2CA-E461-47DA-9134-27B0DFD7E236}"
EndProject
Global
	GlobalSection(SolutionConfigurationPlatforms) = preSolution
		Debug|Any CPU = Debug|Any CPU
		Release|Any CPU = Release|Any CPU
	EndGlobalSection
	GlobalSection(ProjectConfigurationPlatforms) = postSolution
		{98A3E2CA-E461-47DA-9134-27B0DFD7E236}.Debug|Any CPU.ActiveCfg = Debug|Any CPU
		{98A3E2CA-E461-47DA-9134-27B0DFD7E236}.Debug|Any CPU.Build.0 = Debug|Any CPU
		{98A3E2CA-E461-47DA-9134-27B0DFD7E236}.Release|Any CPU.ActiveCfg = Release|Any CPU
		{98A3E2CA-E461-47DA-9134-27B0DFD7E236}.Release|Any CPU.Build.0 = Release|Any CPU
	EndGlobalSection
	GlobalSection(SolutionProperties) = preSolution
		HideSolutionNode = FALSE
	EndGlobalSection
	GlobalSection(ExtensibilityGlobals) = postSolution
		SolutionGuid = {079F8D8E-C5D1-447A-9D4C-1C4CD151F36B}
	EndGlobalSection
EndGlobal
