
Microsoft Visual Studio Solution File, Format Version 12.00
# Visual Studio Version 17
VisualStudioVersion = 17.13.35806.99 d17.13
MinimumVisualStudioVersion = 10.0.40219.1
Project("{FAE04EC0-301F-11D3-BF4B-00C04F79EFBC}") = "Problem_5", "Problem_5.csproj", "{62D70A93-CE3F-493B-8F94-5DE85F6E18FD}"
EndProject
Global
	GlobalSection(SolutionConfigurationPlatforms) = preSolution
		Debug|Any CPU = Debug|Any CPU
		Release|Any CPU = Release|Any CPU
	EndGlobalSection
	GlobalSection(ProjectConfigurationPlatforms) = postSolution
		{62D70A93-CE3F-493B-8F94-5DE85F6E18FD}.Debug|Any CPU.ActiveCfg = Debug|Any CPU
		{62D70A93-CE3F-493B-8F94-5DE85F6E18FD}.Debug|Any CPU.Build.0 = Debug|Any CPU
		{62D70A93-CE3F-493B-8F94-5DE85F6E18FD}.Release|Any CPU.ActiveCfg = Release|Any CPU
		{62D70A93-CE3F-493B-8F94-5DE85F6E18FD}.Release|Any CPU.Build.0 = Release|Any CPU
	EndGlobalSection
	GlobalSection(SolutionProperties) = preSolution
		HideSolutionNode = FALSE
	EndGlobalSection
	GlobalSection(ExtensibilityGlobals) = postSolution
		SolutionGuid = {BF5B6155-204A-453B-AEA2-750032BE3873}
	EndGlobalSection
EndGlobal
