
Microsoft Visual Studio Solution File, Format Version 12.00
# Visual Studio Version 17
VisualStudioVersion = 17.13.35806.99 d17.13
MinimumVisualStudioVersion = 10.0.40219.1
Project("{FAE04EC0-301F-11D3-BF4B-00C04F79EFBC}") = "Problem_1", "Problem_1.csproj", "{BFD85681-5F3D-4453-990A-2EA65DEFAD3A}"
EndProject
Global
	GlobalSection(SolutionConfigurationPlatforms) = preSolution
		Debug|Any CPU = Debug|Any CPU
		Release|Any CPU = Release|Any CPU
	EndGlobalSection
	GlobalSection(ProjectConfigurationPlatforms) = postSolution
		{BFD85681-5F3D-4453-990A-2EA65DEFAD3A}.Debug|Any CPU.ActiveCfg = Debug|Any CPU
		{BFD85681-5F3D-4453-990A-2EA65DEFAD3A}.Debug|Any CPU.Build.0 = Debug|Any CPU
		{BFD85681-5F3D-4453-990A-2EA65DEFAD3A}.Release|Any CPU.ActiveCfg = Release|Any CPU
		{BFD85681-5F3D-4453-990A-2EA65DEFAD3A}.Release|Any CPU.Build.0 = Release|Any CPU
	EndGlobalSection
	GlobalSection(SolutionProperties) = preSolution
		HideSolutionNode = FALSE
	EndGlobalSection
	GlobalSection(ExtensibilityGlobals) = postSolution
		SolutionGuid = {7B437995-A6B8-40B8-846D-3C8CD45886F5}
	EndGlobalSection
EndGlobal
