
Microsoft Visual Studio Solution File, Format Version 12.00
# Visual Studio Version 17
VisualStudioVersion = 17.13.35806.99 d17.13
MinimumVisualStudioVersion = 10.0.40219.1
Project("{FAE04EC0-301F-11D3-BF4B-00C04F79EFBC}") = "Problem_11", "Problem_11.csproj", "{9CDBD298-933F-4FAA-B071-8F55163AA499}"
EndProject
Global
	GlobalSection(SolutionConfigurationPlatforms) = preSolution
		Debug|Any CPU = Debug|Any CPU
		Release|Any CPU = Release|Any CPU
	EndGlobalSection
	GlobalSection(ProjectConfigurationPlatforms) = postSolution
		{9CDBD298-933F-4FAA-B071-8F55163AA499}.Debug|Any CPU.ActiveCfg = Debug|Any CPU
		{9CDBD298-933F-4FAA-B071-8F55163AA499}.Debug|Any CPU.Build.0 = Debug|Any CPU
		{9CDBD298-933F-4FAA-B071-8F55163AA499}.Release|Any CPU.ActiveCfg = Release|Any CPU
		{9CDBD298-933F-4FAA-B071-8F55163AA499}.Release|Any CPU.Build.0 = Release|Any CPU
	EndGlobalSection
	GlobalSection(SolutionProperties) = preSolution
		HideSolutionNode = FALSE
	EndGlobalSection
	GlobalSection(ExtensibilityGlobals) = postSolution
		SolutionGuid = {816998AB-B2C4-41C2-A3D6-B842B8F72904}
	EndGlobalSection
EndGlobal
