
Microsoft Visual Studio Solution File, Format Version 12.00
# Visual Studio Version 17
VisualStudioVersion = 17.13.35806.99 d17.13
MinimumVisualStudioVersion = 10.0.40219.1
Project("{FAE04EC0-301F-11D3-BF4B-00C04F79EFBC}") = "Problem_9", "Problem_9.csproj", "{7208625D-08B3-4BAC-B695-647EE4C17ACE}"
EndProject
Global
	GlobalSection(SolutionConfigurationPlatforms) = preSolution
		Debug|Any CPU = Debug|Any CPU
		Release|Any CPU = Release|Any CPU
	EndGlobalSection
	GlobalSection(ProjectConfigurationPlatforms) = postSolution
		{7208625D-08B3-4BAC-B695-647EE4C17ACE}.Debug|Any CPU.ActiveCfg = Debug|Any CPU
		{7208625D-08B3-4BAC-B695-647EE4C17ACE}.Debug|Any CPU.Build.0 = Debug|Any CPU
		{7208625D-08B3-4BAC-B695-647EE4C17ACE}.Release|Any CPU.ActiveCfg = Release|Any CPU
		{7208625D-08B3-4BAC-B695-647EE4C17ACE}.Release|Any CPU.Build.0 = Release|Any CPU
	EndGlobalSection
	GlobalSection(SolutionProperties) = preSolution
		HideSolutionNode = FALSE
	EndGlobalSection
	GlobalSection(ExtensibilityGlobals) = postSolution
		SolutionGuid = {FB22B81F-36DB-41DD-9B64-3262BF8E53AB}
	EndGlobalSection
EndGlobal
