
Microsoft Visual Studio Solution File, Format Version 12.00
# Visual Studio Version 17
VisualStudioVersion = 17.13.35806.99 d17.13
MinimumVisualStudioVersion = 10.0.40219.1
Project("{FAE04EC0-301F-11D3-BF4B-00C04F79EFBC}") = "probem1", "probem1.csproj", "{28674371-67CD-47DE-A701-9D8BFB26C1C3}"
EndProject
Global
	GlobalSection(SolutionConfigurationPlatforms) = preSolution
		Debug|Any CPU = Debug|Any CPU
		Release|Any CPU = Release|Any CPU
	EndGlobalSection
	GlobalSection(ProjectConfigurationPlatforms) = postSolution
		{28674371-67CD-47DE-A701-9D8BFB26C1C3}.Debug|Any CPU.ActiveCfg = Debug|Any CPU
		{28674371-67CD-47DE-A701-9D8BFB26C1C3}.Debug|Any CPU.Build.0 = Debug|Any CPU
		{28674371-67CD-47DE-A701-9D8BFB26C1C3}.Release|Any CPU.ActiveCfg = Release|Any CPU
		{28674371-67CD-47DE-A701-9D8BFB26C1C3}.Release|Any CPU.Build.0 = Release|Any CPU
	EndGlobalSection
	GlobalSection(SolutionProperties) = preSolution
		HideSolutionNode = FALSE
	EndGlobalSection
	GlobalSection(ExtensibilityGlobals) = postSolution
		SolutionGuid = {7B5BA94F-1CA2-4BF6-8F28-E5045D749328}
	EndGlobalSection
EndGlobal
